
Microsoft Visual Studio Solution File, Format Version 12.00
# Visual Studio 14
VisualStudioVersion = 14.0.25420.1
MinimumVisualStudioVersion = 10.0.40219.1
Project("{FAE04EC0-301F-11D3-BF4B-00C04F79EFBC}") = "Metrics", "Src\Metrics\Metrics.csproj", "{95E29D40-DBEC-49E2-9CC5-26B88966DADE}"
EndProject
Project("{2150E333-8FDC-42A3-9474-1A3956D46DE8}") = ".nuget", ".nuget", "{FE317A5A-E540-401C-994F-353A1349C70B}"
	ProjectSection(SolutionItems) = preProject
		.nuget\NuGet.Config = .nuget\NuGet.Config
		.nuget\NuGet.exe = .nuget\NuGet.exe
		.nuget\NuGet.targets = .nuget\NuGet.targets
		.nuget\packages.config = .nuget\packages.config
	EndProjectSection
EndProject
Project("{2150E333-8FDC-42A3-9474-1A3956D46DE8}") = "Adapters", "Adapters", "{443860DA-6378-47D0-A4AE-4E79975C5E1C}"
EndProject
Project("{2150E333-8FDC-42A3-9474-1A3956D46DE8}") = "Solution Items", "Solution Items", "{9A42F567-91B0-4FFB-A9AD-DB0D158784EA}"
	ProjectSection(SolutionItems) = preProject
		.travis.yml = .travis.yml
		build.bat = build.bat
		build.sh = build.sh
		CHANGELOG.md = CHANGELOG.md
		create-nuget.bat = create-nuget.bat
		Publishing\Metrics.NET.nuspec = Publishing\Metrics.NET.nuspec
		Publishing\Metrics.NLog.nuspec = Publishing\Metrics.NLog.nuspec
		Publishing\Nancy.Metrics.nuspec = Publishing\Nancy.Metrics.nuspec
		Publishing\Owin.Metrics.nuspec = Publishing\Owin.Metrics.nuspec
		Publishing\push-nuget.bat = Publishing\push-nuget.bat
		README.md = README.md
		SharedAssemblyInfo.cs = SharedAssemblyInfo.cs
	EndProjectSection
EndProject
Project("{2150E333-8FDC-42A3-9474-1A3956D46DE8}") = "Samples", "Samples", "{DEC3A50A-7243-45C0-9995-F829BFF99453}"
EndProject
Project("{2150E333-8FDC-42A3-9474-1A3956D46DE8}") = "Tests", "Tests", "{2E004760-A644-4312-8489-6057B8B7554A}"
EndProject
Project("{8BB2217D-0F2D-49D1-97BC-3654ED321F3B}") = "MetricsCore", "MetricsCore\MetricsCore.xproj", "{782CE87F-756B-4565-A68C-6FB38C6976A2}"
EndProject
Project("{FAE04EC0-301F-11D3-BF4B-00C04F79EFBC}") = "Metrics.Tests", "Src\Metrics.Tests\Metrics.Tests.csproj", "{4E0F8CB9-6919-48B8-8212-BCE75D04E0D9}"
EndProject
Global
	GlobalSection(SolutionConfigurationPlatforms) = preSolution
		Debug|Any CPU = Debug|Any CPU
		Release|Any CPU = Release|Any CPU
	EndGlobalSection
	GlobalSection(ProjectConfigurationPlatforms) = postSolution
		{95E29D40-DBEC-49E2-9CC5-26B88966DADE}.Debug|Any CPU.ActiveCfg = Debug|Any CPU
		{95E29D40-DBEC-49E2-9CC5-26B88966DADE}.Debug|Any CPU.Build.0 = Debug|Any CPU
		{95E29D40-DBEC-49E2-9CC5-26B88966DADE}.Release|Any CPU.ActiveCfg = Release|Any CPU
		{95E29D40-DBEC-49E2-9CC5-26B88966DADE}.Release|Any CPU.Build.0 = Release|Any CPU
		{782CE87F-756B-4565-A68C-6FB38C6976A2}.Debug|Any CPU.ActiveCfg = Debug|Any CPU
		{782CE87F-756B-4565-A68C-6FB38C6976A2}.Debug|Any CPU.Build.0 = Debug|Any CPU
		{782CE87F-756B-4565-A68C-6FB38C6976A2}.Release|Any CPU.ActiveCfg = Release|Any CPU
		{782CE87F-756B-4565-A68C-6FB38C6976A2}.Release|Any CPU.Build.0 = Release|Any CPU
		{4E0F8CB9-6919-48B8-8212-BCE75D04E0D9}.Debug|Any CPU.ActiveCfg = Debug|Any CPU
		{4E0F8CB9-6919-48B8-8212-BCE75D04E0D9}.Debug|Any CPU.Build.0 = Debug|Any CPU
		{4E0F8CB9-6919-48B8-8212-BCE75D04E0D9}.Release|Any CPU.ActiveCfg = Release|Any CPU
		{4E0F8CB9-6919-48B8-8212-BCE75D04E0D9}.Release|Any CPU.Build.0 = Release|Any CPU
	EndGlobalSection
	GlobalSection(SolutionProperties) = preSolution
		HideSolutionNode = FALSE
	EndGlobalSection
	GlobalSection(NestedProjects) = preSolution
		{4E0F8CB9-6919-48B8-8212-BCE75D04E0D9} = {2E004760-A644-4312-8489-6057B8B7554A}
	EndGlobalSection
EndGlobal
